
Microsoft Visual Studio Solution File, Format Version 12.00
# Visual Studio Version 17
VisualStudioVersion = 17.6.33829.357
MinimumVisualStudioVersion = 10.0.40219.1
Project("{FAE04EC0-301F-11D3-BF4B-00C04F79EFBC}") = "kaban_board", "kaban_board\kaban_board.csproj", "{F35DCF21-1894-41DB-895D-AF204CB007D0}"
EndProject
Global
	GlobalSection(SolutionConfigurationPlatforms) = preSolution
		Debug|Any CPU = Debug|Any CPU
		Release|Any CPU = Release|Any CPU
	EndGlobalSection
	GlobalSection(ProjectConfigurationPlatforms) = postSolution
		{F35DCF21-1894-41DB-895D-AF204CB007D0}.Debug|Any CPU.ActiveCfg = Debug|Any CPU
		{F35DCF21-1894-41DB-895D-AF204CB007D0}.Debug|Any CPU.Build.0 = Debug|Any CPU
		{F35DCF21-1894-41DB-895D-AF204CB007D0}.Release|Any CPU.ActiveCfg = Release|Any CPU
		{F35DCF21-1894-41DB-895D-AF204CB007D0}.Release|Any CPU.Build.0 = Release|Any CPU
	EndGlobalSection
	GlobalSection(SolutionProperties) = preSolution
		HideSolutionNode = FALSE
	EndGlobalSection
	GlobalSection(ExtensibilityGlobals) = postSolution
		SolutionGuid = {49D7775E-DFE2-474E-8022-3855FF23A9AD}
	EndGlobalSection
EndGlobal
